// !$*UTF8*$!
{
	archiveVersion = 1;
	classes = {
	};
	objectVersion = 46;
	objects = {

/* Begin PBXBuildFile section */
		EF6E248015F1CA0F00C29E12 /* UIKit.framework in Frameworks */ = {isa = PBXBuildFile; fileRef = EF6E247F15F1CA0F00C29E12 /* UIKit.framework */; };
		EF6E248215F1CA0F00C29E12 /* Foundation.framework in Frameworks */ = {isa = PBXBuildFile; fileRef = EF6E248115F1CA0F00C29E12 /* Foundation.framework */; };
		EF6E248415F1CA0F00C29E12 /* CoreGraphics.framework in Frameworks */ = {isa = PBXBuildFile; fileRef = EF6E248315F1CA0F00C29E12 /* CoreGraphics.framework */; };
		EF6E248A15F1CA0F00C29E12 /* InfoPlist.strings in Resources */ = {isa = PBXBuildFile; fileRef = EF6E248815F1CA0F00C29E12 /* InfoPlist.strings */; };
		EF6E248C15F1CA0F00C29E12 /* main.m in Sources */ = {isa = PBXBuildFile; fileRef = EF6E248B15F1CA0F00C29E12 /* main.m */; };
		EF6E249015F1CA0F00C29E12 /* AppDelegate.m in Sources */ = {isa = PBXBuildFile; fileRef = EF6E248F15F1CA0F00C29E12 /* AppDelegate.m */; };
/* End PBXBuildFile section */

/* Begin PBXFileReference section */
		EF6E247B15F1CA0F00C29E12 /* testGitHubXcode.app */ = {isa = PBXFileReference; explicitFileType = wrapper.application; includeInIndex = 0; path = testGitHubXcode.app; sourceTree = BUILT_PRODUCTS_DIR; };
		EF6E247F15F1CA0F00C29E12 /* UIKit.framework */ = {isa = PBXFileReference; lastKnownFileType = wrapper.framework; name = UIKit.framework; path = System/Library/Frameworks/UIKit.framework; sourceTree = SDKROOT; };
		EF6E248115F1CA0F00C29E12 /* Foundation.framework */ = {isa = PBXFileReference; lastKnownFileType = wrapper.framework; name = Foundation.framework; path = System/Library/Frameworks/Foundation.framework; sourceTree = SDKROOT; };
		EF6E248315F1CA0F00C29E12 /* CoreGraphics.framework */ = {isa = PBXFileReference; lastKnownFileType = wrapper.framework; name = CoreGraphics.framework; path = System/Library/Frameworks/CoreGraphics.framework; sourceTree = SDKROOT; };
		EF6E248715F1CA0F00C29E12 /* testGitHubXcode-Info.plist */ = {isa = PBXFileReference; lastKnownFileType = text.plist.xml; path = "testGitHubXcode-Info.plist"; sourceTree = "<group>"; };
		EF6E248915F1CA0F00C29E12 /* en */ = {isa = PBXFileReference; lastKnownFileType = text.plist.strings; name = en; path = en.lproj/InfoPlist.strings; sourceTree = "<group>"; };
		EF6E248B15F1CA0F00C29E12 /* main.m */ = {isa = PBXFileReference; lastKnownFileType = sourcecode.c.objc; path = main.m; sourceTree = "<group>"; };
		EF6E248D15F1CA0F00C29E12 /* testGitHubXcode-Prefix.pch */ = {isa = PBXFileReference; lastKnownFileType = sourcecode.c.h; path = "testGitHubXcode-Prefix.pch"; sourceTree = "<group>"; };
		EF6E248E15F1CA0F00C29E12 /* AppDelegate.h */ = {isa = PBXFileReference; lastKnownFileType = sourcecode.c.h; path = AppDelegate.h; sourceTree = "<group>"; };
		EF6E248F15F1CA0F00C29E12 /* AppDelegate.m */ = {isa = PBXFileReference; lastKnownFileType = sourcecode.c.objc; path = AppDelegate.m; sourceTree = "<group>"; };
/* End PBXFileReference section */

/* Begin PBXFrameworksBuildPhase section */
		EF6E247815F1CA0F00C29E12 /* Frameworks */ = {
			isa = PBXFrameworksBuildPhase;
			buildActionMask = 2147483647;
			files = (
				EF6E248015F1CA0F00C29E12 /* UIKit.framework in Frameworks */,
				EF6E248215F1CA0F00C29E12 /* Foundation.framework in Frameworks */,
				EF6E248415F1CA0F00C29E12 /* CoreGraphics.framework in Frameworks */,
			);
			runOnlyForDeploymentPostprocessing = 0;
		};
/* End PBXFrameworksBuildPhase section */

/* Begin PBXGroup section */
		EF6E247015F1CA0F00C29E12 = {
			isa = PBXGroup;
			children = (
				EF6E248515F1CA0F00C29E12 /* testGitHubXcode */,
				EF6E247E15F1CA0F00C29E12 /* Frameworks */,
				EF6E247C15F1CA0F00C29E12 /* Products */,
			);
			sourceTree = "<group>";
		};
		EF6E247C15F1CA0F00C29E12 /* Products */ = {
			isa = PBXGroup;
			children = (
				EF6E247B15F1CA0F00C29E12 /* testGitHubXcode.app */,
			);
			name = Products;
			sourceTree = "<group>";
		};
		EF6E247E15F1CA0F00C29E12 /* Frameworks */ = {
			isa = PBXGroup;
			children = (
				EF6E247F15F1CA0F00C29E12 /* UIKit.framework */,
				EF6E248115F1CA0F00C29E12 /* Foundation.framework */,
				EF6E248315F1CA0F00C29E12 /* CoreGraphics.framework */,
			);
			name = Frameworks;
			sourceTree = "<group>";
		};
		EF6E248515F1CA0F00C29E12 /* testGitHubXcode */ = {
			isa = PBXGroup;
			children = (
				EF6E248E15F1CA0F00C29E12 /* AppDelegate.h */,
				EF6E248F15F1CA0F00C29E12 /* AppDelegate.m */,
				EF6E248615F1CA0F00C29E12 /* Supporting Files */,
			);
			path = testGitHubXcode;
			sourceTree = "<group>";
		};
		EF6E248615F1CA0F00C29E12 /* Supporting Files */ = {
			isa = PBXGroup;
			children = (
				EF6E248715F1CA0F00C29E12 /* testGitHubXcode-Info.plist */,
				EF6E248815F1CA0F00C29E12 /* InfoPlist.strings */,
				EF6E248B15F1CA0F00C29E12 /* main.m */,
				EF6E248D15F1CA0F00C29E12 /* testGitHubXcode-Prefix.pch */,
			);
			name = "Supporting Files";
			sourceTree = "<group>";
		};
/* End PBXGroup section */

/* Begin PBXNativeTarget section */
		EF6E247A15F1CA0F00C29E12 /* testGitHubXcode */ = {
			isa = PBXNativeTarget;
			buildConfigurationList = EF6E249315F1CA0F00C29E12 /* Build configuration list for PBXNativeTarget "testGitHubXcode" */;
			buildPhases = (
				EF6E247715F1CA0F00C29E12 /* Sources */,
				EF6E247815F1CA0F00C29E12 /* Frameworks */,
				EF6E247915F1CA0F00C29E12 /* Resources */,
			);
			buildRules = (
			);
			dependencies = (
			);
			name = testGitHubXcode;
			productName = testGitHubXcode;
			productReference = EF6E247B15F1CA0F00C29E12 /* testGitHubXcode.app */;
			productType = "com.apple.product-type.application";
		};
/* End PBXNativeTarget section */

/* Begin PBXProject section */
		EF6E247215F1CA0F00C29E12 /* Project object */ = {
			isa = PBXProject;
			attributes = {
				LastUpgradeCheck = 0440;
				ORGANIZATIONNAME = boonyanit.m;
			};
			buildConfigurationList = EF6E247515F1CA0F00C29E12 /* Build configuration list for PBXProject "testGitHubXcode" */;
			compatibilityVersion = "Xcode 3.2";
			developmentRegion = English;
			hasScannedForEncodings = 0;
			knownRegions = (
				en,
			);
			mainGroup = EF6E247015F1CA0F00C29E12;
			productRefGroup = EF6E247C15F1CA0F00C29E12 /* Products */;
			projectDirPath = "";
			projectRoot = "";
			targets = (
				EF6E247A15F1CA0F00C29E12 /* testGitHubXcode */,
			);
		};
/* End PBXProject section */

/* Begin PBXResourcesBuildPhase section */
		EF6E247915F1CA0F00C29E12 /* Resources */ = {
			isa = PBXResourcesBuildPhase;
			buildActionMask = 2147483647;
			files = (
				EF6E248A15F1CA0F00C29E12 /* InfoPlist.strings in Resources */,
			);
			runOnlyForDeploymentPostprocessing = 0;
		};
/* End PBXResourcesBuildPhase section */

/* Begin PBXSourcesBuildPhase section */
		EF6E247715F1CA0F00C29E12 /* Sources */ = {
			isa = PBXSourcesBuildPhase;
			buildActionMask = 2147483647;
			files = (
				EF6E248C15F1CA0F00C29E12 /* main.m in Sources */,
				EF6E249015F1CA0F00C29E12 /* AppDelegate.m in Sources */,
			);
			runOnlyForDeploymentPostprocessing = 0;
		};
/* End PBXSourcesBuildPhase section */

/* Begin PBXVariantGroup section */
		EF6E248815F1CA0F00C29E12 /* InfoPlist.strings */ = {
			isa = PBXVariantGroup;
			children = (
				EF6E248915F1CA0F00C29E12 /* en */,
			);
			name = InfoPlist.strings;
			sourceTree = "<group>";
		};
/* End PBXVariantGroup section */

/* Begin XCBuildConfiguration section */
		EF6E249115F1CA0F00C29E12 /* Debug */ = {
			isa = XCBuildConfiguration;
			buildSettings = {
				ALWAYS_SEARCH_USER_PATHS = NO;
				ARCHS = "$(ARCHS_STANDARD_32_BIT)";
				CLANG_CXX_LANGUAGE_STANDARD = "gnu++0x";
				CLANG_WARN__DUPLICATE_METHOD_MATCH = YES;
				"CODE_SIGN_IDENTITY[sdk=iphoneos*]" = "iPhone Developer";
				COPY_PHASE_STRIP = NO;
				GCC_C_LANGUAGE_STANDARD = gnu99;
				GCC_DYNAMIC_NO_PIC = NO;
				GCC_OPTIMIZATION_LEVEL = 0;
				GCC_PREPROCESSOR_DEFINITIONS = (
					"DEBUG=1",
					"$(inherited)",
				);
				GCC_SYMBOLS_PRIVATE_EXTERN = NO;
				GCC_VERSION = com.apple.compilers.llvm.clang.1_0;
				GCC_WARN_ABOUT_RETURN_TYPE = YES;
				GCC_WARN_UNINITIALIZED_AUTOS = YES;
				GCC_WARN_UNUSED_VARIABLE = YES;
				IPHONEOS_DEPLOYMENT_TARGET = 5.1;
				SDKROOT = iphoneos;
			};
			name = Debug;
		};
		EF6E249215F1CA0F00C29E12 /* Release */ = {
			isa = XCBuildConfiguration;
			buildSettings = {
				ALWAYS_SEARCH_USER_PATHS = NO;
				ARCHS = "$(ARCHS_STANDARD_32_BIT)";
				CLANG_CXX_LANGUAGE_STANDARD = "gnu++0x";
				CLANG_WARN__DUPLICATE_METHOD_MATCH = YES;
				"CODE_SIGN_IDENTITY[sdk=iphoneos*]" = "iPhone Developer";
				COPY_PHASE_STRIP = YES;
				GCC_C_LANGUAGE_STANDARD = gnu99;
				GCC_VERSION = com.apple.compilers.llvm.clang.1_0;
				GCC_WARN_ABOUT_RETURN_TYPE = YES;
				GCC_WARN_UNINITIALIZED_AUTOS = YES;
				GCC_WARN_UNUSED_VARIABLE = YES;
				IPHONEOS_DEPLOYMENT_TARGET = 5.1;
				OTHER_CFLAGS = "-DNS_BLOCK_ASSERTIONS=1";
				SDKROOT = iphoneos;
				VALIDATE_PRODUCT = YES;
			};
			name = Release;
		};
		EF6E249415F1CA0F00C29E12 /* Debug */ = {
			isa = XCBuildConfiguration;
			buildSettings = {
				GCC_PRECOMPILE_PREFIX_HEADER = YES;
				GCC_PREFIX_HEADER = "testGitHubXcode/testGitHubXcode-Prefix.pch";
				INFOPLIST_FILE = "testGitHubXcode/testGitHubXcode-Info.plist";
				PRODUCT_NAME = "$(TARGET_NAME)";
				WRAPPER_EXTENSION = app;
			};
			name = Debug;
		};
		EF6E249515F1CA0F00C29E12 /* Release */ = {
			isa = XCBuildConfiguration;
			buildSettings = {
				GCC_PRECOMPILE_PREFIX_HEADER = YES;
				GCC_PREFIX_HEADER = "testGitHubXcode/testGitHubXcode-Prefix.pch";
				INFOPLIST_FILE = "testGitHubXcode/testGitHubXcode-Info.plist";
				PRODUCT_NAME = "$(TARGET_NAME)";
				WRAPPER_EXTENSION = app;
			};
			name = Release;
		};
/* End XCBuildConfiguration section */

/* Begin XCConfigurationList section */
		EF6E247515F1CA0F00C29E12 /* Build configuration list for PBXProject "testGitHubXcode" */ = {
			isa = XCConfigurationList;
			buildConfigurations = (
				EF6E249115F1CA0F00C29E12 /* Debug */,
				EF6E249215F1CA0F00C29E12 /* Release */,
			);
			defaultConfigurationIsVisible = 0;
			defaultConfigurationName = Release;
		};
		EF6E249315F1CA0F00C29E12 /* Build configuration list for PBXNativeTarget "testGitHubXcode" */ = {
			isa = XCConfigurationList;
			buildConfigurations = (
				EF6E249415F1CA0F00C29E12 /* Debug */,
				EF6E249515F1CA0F00C29E12 /* Release */,
			);
			defaultConfigurationIsVisible = 0;
		};
/* End XCConfigurationList section */
	};
	rootObject = EF6E247215F1CA0F00C29E12 /* Project object */;
}
